// !$*UTF8*$!
{
	archiveVersion = 1;
	classes = {
	};
	objectVersion = 50;
	objects = {

/* Begin PBXBuildFile section */
		0B36DF9E23FEB28100946C0D /* DitailViewController.swift in Sources */ = {isa = PBXBuildFile; fileRef = 0B36DF9D23FEB28100946C0D /* DitailViewController.swift */; };
		0B54FF6123FD203000A21A3C /* AppDelegate.swift in Sources */ = {isa = PBXBuildFile; fileRef = 0B54FF6023FD203000A21A3C /* AppDelegate.swift */; };
		0B54FF6323FD203000A21A3C /* SceneDelegate.swift in Sources */ = {isa = PBXBuildFile; fileRef = 0B54FF6223FD203000A21A3C /* SceneDelegate.swift */; };
		0B54FF6823FD203000A21A3C /* Main.storyboard in Resources */ = {isa = PBXBuildFile; fileRef = 0B54FF6623FD203000A21A3C /* Main.storyboard */; };
		0B54FF6A23FD203200A21A3C /* Assets.xcassets in Resources */ = {isa = PBXBuildFile; fileRef = 0B54FF6923FD203200A21A3C /* Assets.xcassets */; };
		0B54FF6D23FD203200A21A3C /* LaunchScreen.storyboard in Resources */ = {isa = PBXBuildFile; fileRef = 0B54FF6B23FD203200A21A3C /* LaunchScreen.storyboard */; };
		0B54FF7523FD20FF00A21A3C /* ShortContactsViewController.swift in Sources */ = {isa = PBXBuildFile; fileRef = 0B54FF7423FD20FF00A21A3C /* ShortContactsViewController.swift */; };
		0B54FF7723FD792C00A21A3C /* FullContactTableViewController.swift in Sources */ = {isa = PBXBuildFile; fileRef = 0B54FF7623FD792C00A21A3C /* FullContactTableViewController.swift */; };
		0B54FF7D23FD7A7B00A21A3C /* ContactModel.swift in Sources */ = {isa = PBXBuildFile; fileRef = 0B54FF7C23FD7A7B00A21A3C /* ContactModel.swift */; };
/* End PBXBuildFile section */

/* Begin PBXFileReference section */
		0B36DF9D23FEB28100946C0D /* DitailViewController.swift */ = {isa = PBXFileReference; lastKnownFileType = sourcecode.swift; path = DitailViewController.swift; sourceTree = "<group>"; };
		0B54FF5D23FD203000A21A3C /* TabelViewAppLessonHW2.7.app */ = {isa = PBXFileReference; explicitFileType = wrapper.application; includeInIndex = 0; path = TabelViewAppLessonHW2.7.app; sourceTree = BUILT_PRODUCTS_DIR; };
		0B54FF6023FD203000A21A3C /* AppDelegate.swift */ = {isa = PBXFileReference; lastKnownFileType = sourcecode.swift; path = AppDelegate.swift; sourceTree = "<group>"; };
		0B54FF6223FD203000A21A3C /* SceneDelegate.swift */ = {isa = PBXFileReference; lastKnownFileType = sourcecode.swift; path = SceneDelegate.swift; sourceTree = "<group>"; };
		0B54FF6723FD203000A21A3C /* Base */ = {isa = PBXFileReference; lastKnownFileType = file.storyboard; name = Base; path = Base.lproj/Main.storyboard; sourceTree = "<group>"; };
		0B54FF6923FD203200A21A3C /* Assets.xcassets */ = {isa = PBXFileReference; lastKnownFileType = folder.assetcatalog; path = Assets.xcassets; sourceTree = "<group>"; };
		0B54FF6C23FD203200A21A3C /* Base */ = {isa = PBXFileReference; lastKnownFileType = file.storyboard; name = Base; path = Base.lproj/LaunchScreen.storyboard; sourceTree = "<group>"; };
		0B54FF6E23FD203200A21A3C /* Info.plist */ = {isa = PBXFileReference; lastKnownFileType = text.plist.xml; path = Info.plist; sourceTree = "<group>"; };
		0B54FF7423FD20FF00A21A3C /* ShortContactsViewController.swift */ = {isa = PBXFileReference; lastKnownFileType = sourcecode.swift; path = ShortContactsViewController.swift; sourceTree = "<group>"; };
		0B54FF7623FD792C00A21A3C /* FullContactTableViewController.swift */ = {isa = PBXFileReference; lastKnownFileType = sourcecode.swift; path = FullContactTableViewController.swift; sourceTree = "<group>"; };
		0B54FF7C23FD7A7B00A21A3C /* ContactModel.swift */ = {isa = PBXFileReference; lastKnownFileType = sourcecode.swift; path = ContactModel.swift; sourceTree = "<group>"; };
/* End PBXFileReference section */

/* Begin PBXFrameworksBuildPhase section */
		0B54FF5A23FD203000A21A3C /* Frameworks */ = {
			isa = PBXFrameworksBuildPhase;
			buildActionMask = 2147483647;
			files = (
			);
			runOnlyForDeploymentPostprocessing = 0;
		};
/* End PBXFrameworksBuildPhase section */

/* Begin PBXGroup section */
		0B54FF5423FD203000A21A3C = {
			isa = PBXGroup;
			children = (
				0B54FF5F23FD203000A21A3C /* TabelViewAppLessonHW2.7 */,
				0B54FF5E23FD203000A21A3C /* Products */,
			);
			sourceTree = "<group>";
		};
		0B54FF5E23FD203000A21A3C /* Products */ = {
			isa = PBXGroup;
			children = (
				0B54FF5D23FD203000A21A3C /* TabelViewAppLessonHW2.7.app */,
			);
			name = Products;
			sourceTree = "<group>";
		};
		0B54FF5F23FD203000A21A3C /* TabelViewAppLessonHW2.7 */ = {
			isa = PBXGroup;
			children = (
				0B54FF7B23FD79F900A21A3C /* Support */,
				0B54FF7A23FD79A100A21A3C /* Controllers */,
				0B54FF6623FD203000A21A3C /* Main.storyboard */,
				0B54FF7C23FD7A7B00A21A3C /* ContactModel.swift */,
				0B54FF6923FD203200A21A3C /* Assets.xcassets */,
				0B54FF6E23FD203200A21A3C /* Info.plist */,
			);
			path = TabelViewAppLessonHW2.7;
			sourceTree = "<group>";
		};
		0B54FF7A23FD79A100A21A3C /* Controllers */ = {
			isa = PBXGroup;
			children = (
				0B54FF7423FD20FF00A21A3C /* ShortContactsViewController.swift */,
				0B54FF7623FD792C00A21A3C /* FullContactTableViewController.swift */,
				0B36DF9D23FEB28100946C0D /* DitailViewController.swift */,
			);
			path = Controllers;
			sourceTree = "<group>";
		};
		0B54FF7B23FD79F900A21A3C /* Support */ = {
			isa = PBXGroup;
			children = (
				0B54FF6023FD203000A21A3C /* AppDelegate.swift */,
				0B54FF6223FD203000A21A3C /* SceneDelegate.swift */,
				0B54FF6B23FD203200A21A3C /* LaunchScreen.storyboard */,
			);
			path = Support;
			sourceTree = "<group>";
		};
/* End PBXGroup section */

/* Begin PBXNativeTarget section */
		0B54FF5C23FD203000A21A3C /* TabelViewAppLessonHW2.7 */ = {
			isa = PBXNativeTarget;
			buildConfigurationList = 0B54FF7123FD203200A21A3C /* Build configuration list for PBXNativeTarget "TabelViewAppLessonHW2.7" */;
			buildPhases = (
				0B54FF5923FD203000A21A3C /* Sources */,
				0B54FF5A23FD203000A21A3C /* Frameworks */,
				0B54FF5B23FD203000A21A3C /* Resources */,
			);
			buildRules = (
			);
			dependencies = (
			);
			name = TabelViewAppLessonHW2.7;
			productName = TabelViewAppLessonHW2.7;
			productReference = 0B54FF5D23FD203000A21A3C /* TabelViewAppLessonHW2.7.app */;
			productType = "com.apple.product-type.application";
		};
/* End PBXNativeTarget section */

/* Begin PBXProject section */
		0B54FF5523FD203000A21A3C /* Project object */ = {
			isa = PBXProject;
			attributes = {
				LastSwiftUpdateCheck = 1130;
				LastUpgradeCheck = 1130;
				ORGANIZATIONNAME = "Arsen Hachuk";
				TargetAttributes = {
					0B54FF5C23FD203000A21A3C = {
						CreatedOnToolsVersion = 11.3.1;
					};
				};
			};
			buildConfigurationList = 0B54FF5823FD203000A21A3C /* Build configuration list for PBXProject "TabelViewAppLessonHW2.7" */;
			compatibilityVersion = "Xcode 9.3";
			developmentRegion = en;
			hasScannedForEncodings = 0;
			knownRegions = (
				en,
				Base,
			);
			mainGroup = 0B54FF5423FD203000A21A3C;
			productRefGroup = 0B54FF5E23FD203000A21A3C /* Products */;
			projectDirPath = "";
			projectRoot = "";
			targets = (
				0B54FF5C23FD203000A21A3C /* TabelViewAppLessonHW2.7 */,
			);
		};
/* End PBXProject section */

/* Begin PBXResourcesBuildPhase section */
		0B54FF5B23FD203000A21A3C /* Resources */ = {
			isa = PBXResourcesBuildPhase;
			buildActionMask = 2147483647;
			files = (
				0B54FF6D23FD203200A21A3C /* LaunchScreen.storyboard in Resources */,
				0B54FF6A23FD203200A21A3C /* Assets.xcassets in Resources */,
				0B54FF6823FD203000A21A3C /* Main.storyboard in Resources */,
			);
			runOnlyForDeploymentPostprocessing = 0;
		};
/* End PBXResourcesBuildPhase section */

/* Begin PBXSourcesBuildPhase section */
		0B54FF5923FD203000A21A3C /* Sources */ = {
			isa = PBXSourcesBuildPhase;
			buildActionMask = 2147483647;
			files = (
				0B54FF6123FD203000A21A3C /* AppDelegate.swift in Sources */,
				0B54FF7723FD792C00A21A3C /* FullContactTableViewController.swift in Sources */,
				0B54FF7D23FD7A7B00A21A3C /* ContactModel.swift in Sources */,
				0B36DF9E23FEB28100946C0D /* DitailViewController.swift in Sources */,
				0B54FF6323FD203000A21A3C /* SceneDelegate.swift in Sources */,
				0B54FF7523FD20FF00A21A3C /* ShortContactsViewController.swift in Sources */,
			);
			runOnlyForDeploymentPostprocessing = 0;
		};
/* End PBXSourcesBuildPhase section */

/* Begin PBXVariantGroup section */
		0B54FF6623FD203000A21A3C /* Main.storyboard */ = {
			isa = PBXVariantGroup;
			children = (
				0B54FF6723FD203000A21A3C /* Base */,
			);
			name = Main.storyboard;
			sourceTree = "<group>";
		};
		0B54FF6B23FD203200A21A3C /* LaunchScreen.storyboard */ = {
			isa = PBXVariantGroup;
			children = (
				0B54FF6C23FD203200A21A3C /* Base */,
			);
			name = LaunchScreen.storyboard;
			sourceTree = "<group>";
		};
/* End PBXVariantGroup section */

/* Begin XCBuildConfiguration section */
		0B54FF6F23FD203200A21A3C /* Debug */ = {
			isa = XCBuildConfiguration;
			buildSettings = {
				ALWAYS_SEARCH_USER_PATHS = NO;
				CLANG_ANALYZER_NONNULL = YES;
				CLANG_ANALYZER_NUMBER_OBJECT_CONVERSION = YES_AGGRESSIVE;
				CLANG_CXX_LANGUAGE_STANDARD = "gnu++14";
				CLANG_CXX_LIBRARY = "libc++";
				CLANG_ENABLE_MODULES = YES;
				CLANG_ENABLE_OBJC_ARC = YES;
				CLANG_ENABLE_OBJC_WEAK = YES;
				CLANG_WARN_BLOCK_CAPTURE_AUTORELEASING = YES;
				CLANG_WARN_BOOL_CONVERSION = YES;
				CLANG_WARN_COMMA = YES;
				CLANG_WARN_CONSTANT_CONVERSION = YES;
				CLANG_WARN_DEPRECATED_OBJC_IMPLEMENTATIONS = YES;
				CLANG_WARN_DIRECT_OBJC_ISA_USAGE = YES_ERROR;
				CLANG_WARN_DOCUMENTATION_COMMENTS = YES;
				CLANG_WARN_EMPTY_BODY = YES;
				CLANG_WARN_ENUM_CONVERSION = YES;
				CLANG_WARN_INFINITE_RECURSION = YES;
				CLANG_WARN_INT_CONVERSION = YES;
				CLANG_WARN_NON_LITERAL_NULL_CONVERSION = YES;
				CLANG_WARN_OBJC_IMPLICIT_RETAIN_SELF = YES;
				CLANG_WARN_OBJC_LITERAL_CONVERSION = YES;
				CLANG_WARN_OBJC_ROOT_CLASS = YES_ERROR;
				CLANG_WARN_RANGE_LOOP_ANALYSIS = YES;
				CLANG_WARN_STRICT_PROTOTYPES = YES;
				CLANG_WARN_SUSPICIOUS_MOVE = YES;
				CLANG_WARN_UNGUARDED_AVAILABILITY = YES_AGGRESSIVE;
				CLANG_WARN_UNREACHABLE_CODE = YES;
				CLANG_WARN__DUPLICATE_METHOD_MATCH = YES;
				COPY_PHASE_STRIP = NO;
				DEBUG_INFORMATION_FORMAT = dwarf;
				ENABLE_STRICT_OBJC_MSGSEND = YES;
				ENABLE_TESTABILITY = YES;
				GCC_C_LANGUAGE_STANDARD = gnu11;
				GCC_DYNAMIC_NO_PIC = NO;
				GCC_NO_COMMON_BLOCKS = YES;
				GCC_OPTIMIZATION_LEVEL = 0;
				GCC_PREPROCESSOR_DEFINITIONS = (
					"DEBUG=1",
					"$(inherited)",
				);
				GCC_WARN_64_TO_32_BIT_CONVERSION = YES;
				GCC_WARN_ABOUT_RETURN_TYPE = YES_ERROR;
				GCC_WARN_UNDECLARED_SELECTOR = YES;
				GCC_WARN_UNINITIALIZED_AUTOS = YES_AGGRESSIVE;
				GCC_WARN_UNUSED_FUNCTION = YES;
				GCC_WARN_UNUSED_VARIABLE = YES;
				IPHONEOS_DEPLOYMENT_TARGET = 13.2;
				MTL_ENABLE_DEBUG_INFO = INCLUDE_SOURCE;
				MTL_FAST_MATH = YES;
				ONLY_ACTIVE_ARCH = YES;
				SDKROOT = iphoneos;
				SWIFT_ACTIVE_COMPILATION_CONDITIONS = DEBUG;
				SWIFT_OPTIMIZATION_LEVEL = "-Onone";
			};
			name = Debug;
		};
		0B54FF7023FD203200A21A3C /* Release */ = {
			isa = XCBuildConfiguration;
			buildSettings = {
				ALWAYS_SEARCH_USER_PATHS = NO;
				CLANG_ANALYZER_NONNULL = YES;
				CLANG_ANALYZER_NUMBER_OBJECT_CONVERSION = YES_AGGRESSIVE;
				CLANG_CXX_LANGUAGE_STANDARD = "gnu++14";
				CLANG_CXX_LIBRARY = "libc++";
				CLANG_ENABLE_MODULES = YES;
				CLANG_ENABLE_OBJC_ARC = YES;
				CLANG_ENABLE_OBJC_WEAK = YES;
				CLANG_WARN_BLOCK_CAPTURE_AUTORELEASING = YES;
				CLANG_WARN_BOOL_CONVERSION = YES;
				CLANG_WARN_COMMA = YES;
				CLANG_WARN_CONSTANT_CONVERSION = YES;
				CLANG_WARN_DEPRECATED_OBJC_IMPLEMENTATIONS = YES;
				CLANG_WARN_DIRECT_OBJC_ISA_USAGE = YES_ERROR;
				CLANG_WARN_DOCUMENTATION_COMMENTS = YES;
				CLANG_WARN_EMPTY_BODY = YES;
				CLANG_WARN_ENUM_CONVERSION = YES;
				CLANG_WARN_INFINITE_RECURSION = YES;
				CLANG_WARN_INT_CONVERSION = YES;
				CLANG_WARN_NON_LITERAL_NULL_CONVERSION = YES;
				CLANG_WARN_OBJC_IMPLICIT_RETAIN_SELF = YES;
				CLANG_WARN_OBJC_LITERAL_CONVERSION = YES;
				CLANG_WARN_OBJC_ROOT_CLASS = YES_ERROR;
				CLANG_WARN_RANGE_LOOP_ANALYSIS = YES;
				CLANG_WARN_STRICT_PROTOTYPES = YES;
				CLANG_WARN_SUSPICIOUS_MOVE = YES;
				CLANG_WARN_UNGUARDED_AVAILABILITY = YES_AGGRESSIVE;
				CLANG_WARN_UNREACHABLE_CODE = YES;
				CLANG_WARN__DUPLICATE_METHOD_MATCH = YES;
				COPY_PHASE_STRIP = NO;
				DEBUG_INFORMATION_FORMAT = "dwarf-with-dsym";
				ENABLE_NS_ASSERTIONS = NO;
				ENABLE_STRICT_OBJC_MSGSEND = YES;
				GCC_C_LANGUAGE_STANDARD = gnu11;
				GCC_NO_COMMON_BLOCKS = YES;
				GCC_WARN_64_TO_32_BIT_CONVERSION = YES;
				GCC_WARN_ABOUT_RETURN_TYPE = YES_ERROR;
				GCC_WARN_UNDECLARED_SELECTOR = YES;
				GCC_WARN_UNINITIALIZED_AUTOS = YES_AGGRESSIVE;
				GCC_WARN_UNUSED_FUNCTION = YES;
				GCC_WARN_UNUSED_VARIABLE = YES;
				IPHONEOS_DEPLOYMENT_TARGET = 13.2;
				MTL_ENABLE_DEBUG_INFO = NO;
				MTL_FAST_MATH = YES;
				SDKROOT = iphoneos;
				SWIFT_COMPILATION_MODE = wholemodule;
				SWIFT_OPTIMIZATION_LEVEL = "-O";
				VALIDATE_PRODUCT = YES;
			};
			name = Release;
		};
		0B54FF7223FD203200A21A3C /* Debug */ = {
			isa = XCBuildConfiguration;
			buildSettings = {
				ASSETCATALOG_COMPILER_APPICON_NAME = AppIcon;
				CODE_SIGN_STYLE = Automatic;
				DEVELOPMENT_TEAM = 4ZPJ4Z2MWZ;
				INFOPLIST_FILE = TabelViewAppLessonHW2.7/Info.plist;
				LD_RUNPATH_SEARCH_PATHS = (
					"$(inherited)",
					"@executable_path/Frameworks",
				);
				PRODUCT_BUNDLE_IDENTIFIER = "Arsen-Hachuk.TabelViewAppLessonHW2-7";
				PRODUCT_NAME = "$(TARGET_NAME)";
				SWIFT_VERSION = 5.0;
				TARGETED_DEVICE_FAMILY = "1,2";
			};
			name = Debug;
		};
		0B54FF7323FD203200A21A3C /* Release */ = {
			isa = XCBuildConfiguration;
			buildSettings = {
				ASSETCATALOG_COMPILER_APPICON_NAME = AppIcon;
				CODE_SIGN_STYLE = Automatic;
				DEVELOPMENT_TEAM = 4ZPJ4Z2MWZ;
				INFOPLIST_FILE = TabelViewAppLessonHW2.7/Info.plist;
				LD_RUNPATH_SEARCH_PATHS = (
					"$(inherited)",
					"@executable_path/Frameworks",
				);
				PRODUCT_BUNDLE_IDENTIFIER = "Arsen-Hachuk.TabelViewAppLessonHW2-7";
				PRODUCT_NAME = "$(TARGET_NAME)";
				SWIFT_VERSION = 5.0;
				TARGETED_DEVICE_FAMILY = "1,2";
			};
			name = Release;
		};
/* End XCBuildConfiguration section */

/* Begin XCConfigurationList section */
		0B54FF5823FD203000A21A3C /* Build configuration list for PBXProject "TabelViewAppLessonHW2.7" */ = {
			isa = XCConfigurationList;
			buildConfigurations = (
				0B54FF6F23FD203200A21A3C /* Debug */,
				0B54FF7023FD203200A21A3C /* Release */,
			);
			defaultConfigurationIsVisible = 0;
			defaultConfigurationName = Release;
		};
		0B54FF7123FD203200A21A3C /* Build configuration list for PBXNativeTarget "TabelViewAppLessonHW2.7" */ = {
			isa = XCConfigurationList;
			buildConfigurations = (
				0B54FF7223FD203200A21A3C /* Debug */,
				0B54FF7323FD203200A21A3C /* Release */,
			);
			defaultConfigurationIsVisible = 0;
			defaultConfigurationName = Release;
		};
/* End XCConfigurationList section */
	};
	rootObject = 0B54FF5523FD203000A21A3C /* Project object */;
}
